
Microsoft Visual Studio Solution File, Format Version 12.00
# Visual Studio Version 16
VisualStudioVersion = 16.0.28803.202
MinimumVisualStudioVersion = 10.0.40219.1
Project("{8BC9CEB8-8B4A-11D0-8D11-00A0C91BC942}") = "MFC0429", "MFC0429\MFC0429.vcxproj", "{7D7C87E2-E6D6-4CF7-962C-ABFEB4BBB341}"
EndProject
Project("{8BC9CEB8-8B4A-11D0-8D11-00A0C91BC942}") = "MFC0429_1", "MFC0429_1\MFC0429_1.vcxproj", "{2F4C2878-51F5-45AE-9B34-8B2F7E868C01}"
EndProject
Project("{8BC9CEB8-8B4A-11D0-8D11-00A0C91BC942}") = "MFC0429_2", "MFC0429_2\MFC0429_2.vcxproj", "{06ADE832-57A2-417C-9364-EE3201CA051E}"
EndProject
Project("{8BC9CEB8-8B4A-11D0-8D11-00A0C91BC942}") = "MFC0429_3", "MFC0429_3\MFC0429_3.vcxproj", "{5F0BA3A8-49C4-4E01-9D7C-673231FE9412}"
EndProject
Project("{8BC9CEB8-8B4A-11D0-8D11-00A0C91BC942}") = "MFC0429_list", "MFC0429_list\MFC0429_list.vcxproj", "{4DEC22EA-AE66-4B81-BEF4-090039638668}"
EndProject
Project("{8BC9CEB8-8B4A-11D0-8D11-00A0C91BC942}") = "MFC0429_RGB", "MFC0429_RGB\MFC0429_RGB.vcxproj", "{A19A4AB3-43BB-4F03-8ED1-EBFD1816A285}"
EndProject
Global
	GlobalSection(SolutionConfigurationPlatforms) = preSolution
		Debug|x64 = Debug|x64
		Debug|x86 = Debug|x86
		Release|x64 = Release|x64
		Release|x86 = Release|x86
	EndGlobalSection
	GlobalSection(ProjectConfigurationPlatforms) = postSolution
		{7D7C87E2-E6D6-4CF7-962C-ABFEB4BBB341}.Debug|x64.ActiveCfg = Debug|x64
		{7D7C87E2-E6D6-4CF7-962C-ABFEB4BBB341}.Debug|x64.Build.0 = Debug|x64
		{7D7C87E2-E6D6-4CF7-962C-ABFEB4BBB341}.Debug|x86.ActiveCfg = Debug|Win32
		{7D7C87E2-E6D6-4CF7-962C-ABFEB4BBB341}.Debug|x86.Build.0 = Debug|Win32
		{7D7C87E2-E6D6-4CF7-962C-ABFEB4BBB341}.Release|x64.ActiveCfg = Release|x64
		{7D7C87E2-E6D6-4CF7-962C-ABFEB4BBB341}.Release|x64.Build.0 = Release|x64
		{7D7C87E2-E6D6-4CF7-962C-ABFEB4BBB341}.Release|x86.ActiveCfg = Release|Win32
		{7D7C87E2-E6D6-4CF7-962C-ABFEB4BBB341}.Release|x86.Build.0 = Release|Win32
		{2F4C2878-51F5-45AE-9B34-8B2F7E868C01}.Debug|x64.ActiveCfg = Debug|x64
		{2F4C2878-51F5-45AE-9B34-8B2F7E868C01}.Debug|x64.Build.0 = Debug|x64
		{2F4C2878-51F5-45AE-9B34-8B2F7E868C01}.Debug|x86.ActiveCfg = Debug|Win32
		{2F4C2878-51F5-45AE-9B34-8B2F7E868C01}.Debug|x86.Build.0 = Debug|Win32
		{2F4C2878-51F5-45AE-9B34-8B2F7E868C01}.Release|x64.ActiveCfg = Release|x64
		{2F4C2878-51F5-45AE-9B34-8B2F7E868C01}.Release|x64.Build.0 = Release|x64
		{2F4C2878-51F5-45AE-9B34-8B2F7E868C01}.Release|x86.ActiveCfg = Release|Win32
		{2F4C2878-51F5-45AE-9B34-8B2F7E868C01}.Release|x86.Build.0 = Release|Win32
		{06ADE832-57A2-417C-9364-EE3201CA051E}.Debug|x64.ActiveCfg = Debug|x64
		{06ADE832-57A2-417C-9364-EE3201CA051E}.Debug|x64.Build.0 = Debug|x64
		{06ADE832-57A2-417C-9364-EE3201CA051E}.Debug|x86.ActiveCfg = Debug|Win32
		{06ADE832-57A2-417C-9364-EE3201CA051E}.Debug|x86.Build.0 = Debug|Win32
		{06ADE832-57A2-417C-9364-EE3201CA051E}.Release|x64.ActiveCfg = Release|x64
		{06ADE832-57A2-417C-9364-EE3201CA051E}.Release|x64.Build.0 = Release|x64
		{06ADE832-57A2-417C-9364-EE3201CA051E}.Release|x86.ActiveCfg = Release|Win32
		{06ADE832-57A2-417C-9364-EE3201CA051E}.Release|x86.Build.0 = Release|Win32
		{5F0BA3A8-49C4-4E01-9D7C-673231FE9412}.Debug|x64.ActiveCfg = Debug|x64
		{5F0BA3A8-49C4-4E01-9D7C-673231FE9412}.Debug|x64.Build.0 = Debug|x64
		{5F0BA3A8-49C4-4E01-9D7C-673231FE9412}.Debug|x86.ActiveCfg = Debug|Win32
		{5F0BA3A8-49C4-4E01-9D7C-673231FE9412}.Debug|x86.Build.0 = Debug|Win32
		{5F0BA3A8-49C4-4E01-9D7C-673231FE9412}.Release|x64.ActiveCfg = Release|x64
		{5F0BA3A8-49C4-4E01-9D7C-673231FE9412}.Release|x64.Build.0 = Release|x64
		{5F0BA3A8-49C4-4E01-9D7C-673231FE9412}.Release|x86.ActiveCfg = Release|Win32
		{5F0BA3A8-49C4-4E01-9D7C-673231FE9412}.Release|x86.Build.0 = Release|Win32
		{4DEC22EA-AE66-4B81-BEF4-090039638668}.Debug|x64.ActiveCfg = Debug|x64
		{4DEC22EA-AE66-4B81-BEF4-090039638668}.Debug|x64.Build.0 = Debug|x64
		{4DEC22EA-AE66-4B81-BEF4-090039638668}.Debug|x86.ActiveCfg = Debug|Win32
		{4DEC22EA-AE66-4B81-BEF4-090039638668}.Debug|x86.Build.0 = Debug|Win32
		{4DEC22EA-AE66-4B81-BEF4-090039638668}.Release|x64.ActiveCfg = Release|x64
		{4DEC22EA-AE66-4B81-BEF4-090039638668}.Release|x64.Build.0 = Release|x64
		{4DEC22EA-AE66-4B81-BEF4-090039638668}.Release|x86.ActiveCfg = Release|Win32
		{4DEC22EA-AE66-4B81-BEF4-090039638668}.Release|x86.Build.0 = Release|Win32
		{A19A4AB3-43BB-4F03-8ED1-EBFD1816A285}.Debug|x64.ActiveCfg = Debug|x64
		{A19A4AB3-43BB-4F03-8ED1-EBFD1816A285}.Debug|x64.Build.0 = Debug|x64
		{A19A4AB3-43BB-4F03-8ED1-EBFD1816A285}.Debug|x86.ActiveCfg = Debug|Win32
		{A19A4AB3-43BB-4F03-8ED1-EBFD1816A285}.Debug|x86.Build.0 = Debug|Win32
		{A19A4AB3-43BB-4F03-8ED1-EBFD1816A285}.Release|x64.ActiveCfg = Release|x64
		{A19A4AB3-43BB-4F03-8ED1-EBFD1816A285}.Release|x64.Build.0 = Release|x64
		{A19A4AB3-43BB-4F03-8ED1-EBFD1816A285}.Release|x86.ActiveCfg = Release|Win32
		{A19A4AB3-43BB-4F03-8ED1-EBFD1816A285}.Release|x86.Build.0 = Release|Win32
	EndGlobalSection
	GlobalSection(SolutionProperties) = preSolution
		HideSolutionNode = FALSE
	EndGlobalSection
	GlobalSection(ExtensibilityGlobals) = postSolution
		SolutionGuid = {E174A00F-3ADD-45F1-BD47-1F3E99D489DC}
	EndGlobalSection
EndGlobal
